// !$*UTF8*$!
{
	archiveVersion = 1;
	classes = {
	};
	objectVersion = 55;
	objects = {

/* Begin PBXBuildFile section */
		20A6AA0B1CA86BE05AB8795D /* Pods_ChatApp.framework in Frameworks */ = {isa = PBXBuildFile; fileRef = 09A4F6D3403348EBB5B5A3EB /* Pods_ChatApp.framework */; };
		9D84D70A28E93D65008DCABB /* GetStartedViewController.swift in Sources */ = {isa = PBXBuildFile; fileRef = 9D84D70928E93D65008DCABB /* GetStartedViewController.swift */; };
		9D84D70C28E94242008DCABB /* ProfileViewController.swift in Sources */ = {isa = PBXBuildFile; fileRef = 9D84D70B28E94242008DCABB /* ProfileViewController.swift */; };
		9D84D70F28E95AB5008DCABB /* DatabaseManager.swift in Sources */ = {isa = PBXBuildFile; fileRef = 9D84D70E28E95AB5008DCABB /* DatabaseManager.swift */; };
		9D84D71128E95AFB008DCABB /* ChatUser.swift in Sources */ = {isa = PBXBuildFile; fileRef = 9D84D71028E95AFB008DCABB /* ChatUser.swift */; };
		9D84D71528E95F25008DCABB /* DataBaseStorage.swift in Sources */ = {isa = PBXBuildFile; fileRef = 9D84D71428E95F25008DCABB /* DataBaseStorage.swift */; };
		9D84D71728E9676D008DCABB /* imageModel.swift in Sources */ = {isa = PBXBuildFile; fileRef = 9D84D71628E9676D008DCABB /* imageModel.swift */; };
		9D84D71928EC274D008DCABB /* ConversationsViewController.swift in Sources */ = {isa = PBXBuildFile; fileRef = 9D84D71828EC274D008DCABB /* ConversationsViewController.swift */; };
		9D84D71B28EC2AD2008DCABB /* NewConversationViewController.swift in Sources */ = {isa = PBXBuildFile; fileRef = 9D84D71A28EC2AD2008DCABB /* NewConversationViewController.swift */; };
		9D84D71D28EC2AF8008DCABB /* ChatViewController.swift in Sources */ = {isa = PBXBuildFile; fileRef = 9D84D71C28EC2AF8008DCABB /* ChatViewController.swift */; };
		9D84D71F28EC2B28008DCABB /* ConversationTableViewCell.swift in Sources */ = {isa = PBXBuildFile; fileRef = 9D84D71E28EC2B28008DCABB /* ConversationTableViewCell.swift */; };
		9DA9CE1528E88F0A00CEF137 /* AppDelegate.swift in Sources */ = {isa = PBXBuildFile; fileRef = 9DA9CE1428E88F0A00CEF137 /* AppDelegate.swift */; };
		9DA9CE1728E88F0A00CEF137 /* SceneDelegate.swift in Sources */ = {isa = PBXBuildFile; fileRef = 9DA9CE1628E88F0A00CEF137 /* SceneDelegate.swift */; };
		9DA9CE1928E88F0A00CEF137 /* ViewController.swift in Sources */ = {isa = PBXBuildFile; fileRef = 9DA9CE1828E88F0A00CEF137 /* ViewController.swift */; };
		9DA9CE2128E88F1200CEF137 /* LaunchScreen.storyboard in Resources */ = {isa = PBXBuildFile; fileRef = 9DA9CE1F28E88F1200CEF137 /* LaunchScreen.storyboard */; };
		9DA9CE3328E88F6400CEF137 /* Main.storyboard in Resources */ = {isa = PBXBuildFile; fileRef = 9DA9CE3228E88F6400CEF137 /* Main.storyboard */; };
		9DA9CE3528E88F7B00CEF137 /* Assets.xcassets in Resources */ = {isa = PBXBuildFile; fileRef = 9DA9CE3428E88F7B00CEF137 /* Assets.xcassets */; };
		9DA9CE3728E88FCC00CEF137 /* LoginViewController.swift in Sources */ = {isa = PBXBuildFile; fileRef = 9DA9CE3628E88FCC00CEF137 /* LoginViewController.swift */; };
		9DA9CE3928E88FE400CEF137 /* RegisterViewController.swift in Sources */ = {isa = PBXBuildFile; fileRef = 9DA9CE3828E88FE400CEF137 /* RegisterViewController.swift */; };
		9DA9CE3D28E8949400CEF137 /* GoogleService-Info.plist in Resources */ = {isa = PBXBuildFile; fileRef = 9DA9CE3C28E8949400CEF137 /* GoogleService-Info.plist */; };
/* End PBXBuildFile section */

/* Begin PBXFileReference section */
		09A4F6D3403348EBB5B5A3EB /* Pods_ChatApp.framework */ = {isa = PBXFileReference; explicitFileType = wrapper.framework; includeInIndex = 0; path = Pods_ChatApp.framework; sourceTree = BUILT_PRODUCTS_DIR; };
		3FF697121D8237602A8633E3 /* Pods-ChatApp.release.xcconfig */ = {isa = PBXFileReference; includeInIndex = 1; lastKnownFileType = text.xcconfig; name = "Pods-ChatApp.release.xcconfig"; path = "Target Support Files/Pods-ChatApp/Pods-ChatApp.release.xcconfig"; sourceTree = "<group>"; };
		9D84D70928E93D65008DCABB /* GetStartedViewController.swift */ = {isa = PBXFileReference; lastKnownFileType = sourcecode.swift; path = GetStartedViewController.swift; sourceTree = "<group>"; };
		9D84D70B28E94242008DCABB /* ProfileViewController.swift */ = {isa = PBXFileReference; lastKnownFileType = sourcecode.swift; path = ProfileViewController.swift; sourceTree = "<group>"; };
		9D84D70E28E95AB5008DCABB /* DatabaseManager.swift */ = {isa = PBXFileReference; lastKnownFileType = sourcecode.swift; path = DatabaseManager.swift; sourceTree = "<group>"; };
		9D84D71028E95AFB008DCABB /* ChatUser.swift */ = {isa = PBXFileReference; lastKnownFileType = sourcecode.swift; path = ChatUser.swift; sourceTree = "<group>"; };
		9D84D71428E95F25008DCABB /* DataBaseStorage.swift */ = {isa = PBXFileReference; lastKnownFileType = sourcecode.swift; path = DataBaseStorage.swift; sourceTree = "<group>"; };
		9D84D71628E9676D008DCABB /* imageModel.swift */ = {isa = PBXFileReference; lastKnownFileType = sourcecode.swift; path = imageModel.swift; sourceTree = "<group>"; };
		9D84D71828EC274D008DCABB /* ConversationsViewController.swift */ = {isa = PBXFileReference; lastKnownFileType = sourcecode.swift; path = ConversationsViewController.swift; sourceTree = "<group>"; };
		9D84D71A28EC2AD2008DCABB /* NewConversationViewController.swift */ = {isa = PBXFileReference; lastKnownFileType = sourcecode.swift; path = NewConversationViewController.swift; sourceTree = "<group>"; };
		9D84D71C28EC2AF8008DCABB /* ChatViewController.swift */ = {isa = PBXFileReference; lastKnownFileType = sourcecode.swift; path = ChatViewController.swift; sourceTree = "<group>"; };
		9D84D71E28EC2B28008DCABB /* ConversationTableViewCell.swift */ = {isa = PBXFileReference; lastKnownFileType = sourcecode.swift; path = ConversationTableViewCell.swift; sourceTree = "<group>"; };
		9DA9CE1128E88F0A00CEF137 /* ChatApp.app */ = {isa = PBXFileReference; explicitFileType = wrapper.application; includeInIndex = 0; path = ChatApp.app; sourceTree = BUILT_PRODUCTS_DIR; };
		9DA9CE1428E88F0A00CEF137 /* AppDelegate.swift */ = {isa = PBXFileReference; lastKnownFileType = sourcecode.swift; path = AppDelegate.swift; sourceTree = "<group>"; };
		9DA9CE1628E88F0A00CEF137 /* SceneDelegate.swift */ = {isa = PBXFileReference; lastKnownFileType = sourcecode.swift; path = SceneDelegate.swift; sourceTree = "<group>"; };
		9DA9CE1828E88F0A00CEF137 /* ViewController.swift */ = {isa = PBXFileReference; lastKnownFileType = sourcecode.swift; path = ViewController.swift; sourceTree = "<group>"; };
		9DA9CE2028E88F1200CEF137 /* Base */ = {isa = PBXFileReference; lastKnownFileType = file.storyboard; name = Base; path = Base.lproj/LaunchScreen.storyboard; sourceTree = "<group>"; };
		9DA9CE2228E88F1200CEF137 /* Info.plist */ = {isa = PBXFileReference; lastKnownFileType = text.plist.xml; path = Info.plist; sourceTree = "<group>"; };
		9DA9CE3228E88F6400CEF137 /* Main.storyboard */ = {isa = PBXFileReference; fileEncoding = 4; lastKnownFileType = file.storyboard; path = Main.storyboard; sourceTree = "<group>"; };
		9DA9CE3428E88F7B00CEF137 /* Assets.xcassets */ = {isa = PBXFileReference; lastKnownFileType = folder.assetcatalog; name = Assets.xcassets; path = ../../BetweenUs/BetweenUs/Assets.xcassets; sourceTree = "<group>"; };
		9DA9CE3628E88FCC00CEF137 /* LoginViewController.swift */ = {isa = PBXFileReference; lastKnownFileType = sourcecode.swift; path = LoginViewController.swift; sourceTree = "<group>"; };
		9DA9CE3828E88FE400CEF137 /* RegisterViewController.swift */ = {isa = PBXFileReference; lastKnownFileType = sourcecode.swift; path = RegisterViewController.swift; sourceTree = "<group>"; };
		9DA9CE3C28E8949400CEF137 /* GoogleService-Info.plist */ = {isa = PBXFileReference; fileEncoding = 4; lastKnownFileType = text.plist.xml; path = "GoogleService-Info.plist"; sourceTree = "<group>"; };
		B59B09601016F8826BBA5E93 /* Pods-ChatApp.debug.xcconfig */ = {isa = PBXFileReference; includeInIndex = 1; lastKnownFileType = text.xcconfig; name = "Pods-ChatApp.debug.xcconfig"; path = "Target Support Files/Pods-ChatApp/Pods-ChatApp.debug.xcconfig"; sourceTree = "<group>"; };
/* End PBXFileReference section */

/* Begin PBXFrameworksBuildPhase section */
		9DA9CE0E28E88F0A00CEF137 /* Frameworks */ = {
			isa = PBXFrameworksBuildPhase;
			buildActionMask = 2147483647;
			files = (
				20A6AA0B1CA86BE05AB8795D /* Pods_ChatApp.framework in Frameworks */,
			);
			runOnlyForDeploymentPostprocessing = 0;
		};
/* End PBXFrameworksBuildPhase section */

/* Begin PBXGroup section */
		73B989CF8C4ACE8C419CE5ED /* Pods */ = {
			isa = PBXGroup;
			children = (
				B59B09601016F8826BBA5E93 /* Pods-ChatApp.debug.xcconfig */,
				3FF697121D8237602A8633E3 /* Pods-ChatApp.release.xcconfig */,
			);
			path = Pods;
			sourceTree = "<group>";
		};
		9D84D70828E93932008DCABB /* Controller */ = {
			isa = PBXGroup;
			children = (
				9DA9CE3628E88FCC00CEF137 /* LoginViewController.swift */,
				9DA9CE3828E88FE400CEF137 /* RegisterViewController.swift */,
				9D84D70928E93D65008DCABB /* GetStartedViewController.swift */,
				9D84D70B28E94242008DCABB /* ProfileViewController.swift */,
				9D84D71828EC274D008DCABB /* ConversationsViewController.swift */,
				9D84D71A28EC2AD2008DCABB /* NewConversationViewController.swift */,
				9D84D71C28EC2AF8008DCABB /* ChatViewController.swift */,
				9D84D71E28EC2B28008DCABB /* ConversationTableViewCell.swift */,
			);
			path = Controller;
			sourceTree = "<group>";
		};
		9D84D70D28E95A87008DCABB /* Models */ = {
			isa = PBXGroup;
			children = (
				9D84D70E28E95AB5008DCABB /* DatabaseManager.swift */,
				9D84D71028E95AFB008DCABB /* ChatUser.swift */,
				9D84D71428E95F25008DCABB /* DataBaseStorage.swift */,
				9D84D71628E9676D008DCABB /* imageModel.swift */,
			);
			path = Models;
			sourceTree = "<group>";
		};
		9DA9CE0828E88F0A00CEF137 = {
			isa = PBXGroup;
			children = (
				9DA9CE3C28E8949400CEF137 /* GoogleService-Info.plist */,
				9DA9CE1328E88F0A00CEF137 /* ChatApp */,
				9DA9CE1228E88F0A00CEF137 /* Products */,
				73B989CF8C4ACE8C419CE5ED /* Pods */,
				A0AC3BE7718A76C2B021024F /* Frameworks */,
			);
			sourceTree = "<group>";
		};
		9DA9CE1228E88F0A00CEF137 /* Products */ = {
			isa = PBXGroup;
			children = (
				9DA9CE1128E88F0A00CEF137 /* ChatApp.app */,
			);
			name = Products;
			sourceTree = "<group>";
		};
		9DA9CE1328E88F0A00CEF137 /* ChatApp */ = {
			isa = PBXGroup;
			children = (
				9D84D70D28E95A87008DCABB /* Models */,
				9D84D70828E93932008DCABB /* Controller */,
				9DA9CE1428E88F0A00CEF137 /* AppDelegate.swift */,
				9DA9CE1628E88F0A00CEF137 /* SceneDelegate.swift */,
				9DA9CE1828E88F0A00CEF137 /* ViewController.swift */,
				9DA9CE1F28E88F1200CEF137 /* LaunchScreen.storyboard */,
				9DA9CE2228E88F1200CEF137 /* Info.plist */,
				9DA9CE3228E88F6400CEF137 /* Main.storyboard */,
				9DA9CE3428E88F7B00CEF137 /* Assets.xcassets */,
			);
			path = ChatApp;
			sourceTree = "<group>";
		};
		A0AC3BE7718A76C2B021024F /* Frameworks */ = {
			isa = PBXGroup;
			children = (
				09A4F6D3403348EBB5B5A3EB /* Pods_ChatApp.framework */,
			);
			name = Frameworks;
			sourceTree = "<group>";
		};
/* End PBXGroup section */

/* Begin PBXNativeTarget section */
		9DA9CE1028E88F0A00CEF137 /* ChatApp */ = {
			isa = PBXNativeTarget;
			buildConfigurationList = 9DA9CE2528E88F1200CEF137 /* Build configuration list for PBXNativeTarget "ChatApp" */;
			buildPhases = (
				643543DE0B2E8058C35A1D70 /* [CP] Check Pods Manifest.lock */,
				9DA9CE0D28E88F0A00CEF137 /* Sources */,
				9DA9CE0E28E88F0A00CEF137 /* Frameworks */,
				9DA9CE0F28E88F0A00CEF137 /* Resources */,
				862AE41EDA3EC97A935F9591 /* [CP] Embed Pods Frameworks */,
			);
			buildRules = (
			);
			dependencies = (
			);
			name = ChatApp;
			productName = ChatApp;
			productReference = 9DA9CE1128E88F0A00CEF137 /* ChatApp.app */;
			productType = "com.apple.product-type.application";
		};
/* End PBXNativeTarget section */

/* Begin PBXProject section */
		9DA9CE0928E88F0A00CEF137 /* Project object */ = {
			isa = PBXProject;
			attributes = {
				BuildIndependentTargetsInParallel = 1;
				LastSwiftUpdateCheck = 1320;
				LastUpgradeCheck = 1320;
				TargetAttributes = {
					9DA9CE1028E88F0A00CEF137 = {
						CreatedOnToolsVersion = 13.2.1;
					};
				};
			};
			buildConfigurationList = 9DA9CE0C28E88F0A00CEF137 /* Build configuration list for PBXProject "ChatApp" */;
			compatibilityVersion = "Xcode 13.0";
			developmentRegion = en;
			hasScannedForEncodings = 0;
			knownRegions = (
				en,
				Base,
			);
			mainGroup = 9DA9CE0828E88F0A00CEF137;
			productRefGroup = 9DA9CE1228E88F0A00CEF137 /* Products */;
			projectDirPath = "";
			projectRoot = "";
			targets = (
				9DA9CE1028E88F0A00CEF137 /* ChatApp */,
			);
		};
/* End PBXProject section */

/* Begin PBXResourcesBuildPhase section */
		9DA9CE0F28E88F0A00CEF137 /* Resources */ = {
			isa = PBXResourcesBuildPhase;
			buildActionMask = 2147483647;
			files = (
				9DA9CE2128E88F1200CEF137 /* LaunchScreen.storyboard in Resources */,
				9DA9CE3D28E8949400CEF137 /* GoogleService-Info.plist in Resources */,
				9DA9CE3528E88F7B00CEF137 /* Assets.xcassets in Resources */,
				9DA9CE3328E88F6400CEF137 /* Main.storyboard in Resources */,
			);
			runOnlyForDeploymentPostprocessing = 0;
		};
/* End PBXResourcesBuildPhase section */

/* Begin PBXShellScriptBuildPhase section */
		643543DE0B2E8058C35A1D70 /* [CP] Check Pods Manifest.lock */ = {
			isa = PBXShellScriptBuildPhase;
			buildActionMask = 2147483647;
			files = (
			);
			inputFileListPaths = (
			);
			inputPaths = (
				"${PODS_PODFILE_DIR_PATH}/Podfile.lock",
				"${PODS_ROOT}/Manifest.lock",
			);
			name = "[CP] Check Pods Manifest.lock";
			outputFileListPaths = (
			);
			outputPaths = (
				"$(DERIVED_FILE_DIR)/Pods-ChatApp-checkManifestLockResult.txt",
			);
			runOnlyForDeploymentPostprocessing = 0;
			shellPath = /bin/sh;
			shellScript = "diff \"${PODS_PODFILE_DIR_PATH}/Podfile.lock\" \"${PODS_ROOT}/Manifest.lock\" > /dev/null\nif [ $? != 0 ] ; then\n    # print error to STDERR\n    echo \"error: The sandbox is not in sync with the Podfile.lock. Run 'pod install' or update your CocoaPods installation.\" >&2\n    exit 1\nfi\n# This output is used by Xcode 'outputs' to avoid re-running this script phase.\necho \"SUCCESS\" > \"${SCRIPT_OUTPUT_FILE_0}\"\n";
			showEnvVarsInLog = 0;
		};
		862AE41EDA3EC97A935F9591 /* [CP] Embed Pods Frameworks */ = {
			isa = PBXShellScriptBuildPhase;
			buildActionMask = 2147483647;
			files = (
			);
			inputFileListPaths = (
				"${PODS_ROOT}/Target Support Files/Pods-ChatApp/Pods-ChatApp-frameworks-${CONFIGURATION}-input-files.xcfilelist",
			);
			name = "[CP] Embed Pods Frameworks";
			outputFileListPaths = (
				"${PODS_ROOT}/Target Support Files/Pods-ChatApp/Pods-ChatApp-frameworks-${CONFIGURATION}-output-files.xcfilelist",
			);
			runOnlyForDeploymentPostprocessing = 0;
			shellPath = /bin/sh;
			shellScript = "\"${PODS_ROOT}/Target Support Files/Pods-ChatApp/Pods-ChatApp-frameworks.sh\"\n";
			showEnvVarsInLog = 0;
		};
/* End PBXShellScriptBuildPhase section */

/* Begin PBXSourcesBuildPhase section */
		9DA9CE0D28E88F0A00CEF137 /* Sources */ = {
			isa = PBXSourcesBuildPhase;
			buildActionMask = 2147483647;
			files = (
				9D84D70F28E95AB5008DCABB /* DatabaseManager.swift in Sources */,
				9DA9CE3728E88FCC00CEF137 /* LoginViewController.swift in Sources */,
				9DA9CE3928E88FE400CEF137 /* RegisterViewController.swift in Sources */,
				9D84D71B28EC2AD2008DCABB /* NewConversationViewController.swift in Sources */,
				9D84D71128E95AFB008DCABB /* ChatUser.swift in Sources */,
				9DA9CE1928E88F0A00CEF137 /* ViewController.swift in Sources */,
				9D84D71728E9676D008DCABB /* imageModel.swift in Sources */,
				9D84D70A28E93D65008DCABB /* GetStartedViewController.swift in Sources */,
				9D84D71928EC274D008DCABB /* ConversationsViewController.swift in Sources */,
				9D84D71528E95F25008DCABB /* DataBaseStorage.swift in Sources */,
				9D84D71D28EC2AF8008DCABB /* ChatViewController.swift in Sources */,
				9D84D70C28E94242008DCABB /* ProfileViewController.swift in Sources */,
				9DA9CE1528E88F0A00CEF137 /* AppDelegate.swift in Sources */,
				9DA9CE1728E88F0A00CEF137 /* SceneDelegate.swift in Sources */,
				9D84D71F28EC2B28008DCABB /* ConversationTableViewCell.swift in Sources */,
			);
			runOnlyForDeploymentPostprocessing = 0;
		};
/* End PBXSourcesBuildPhase section */

/* Begin PBXVariantGroup section */
		9DA9CE1F28E88F1200CEF137 /* LaunchScreen.storyboard */ = {
			isa = PBXVariantGroup;
			children = (
				9DA9CE2028E88F1200CEF137 /* Base */,
			);
			name = LaunchScreen.storyboard;
			sourceTree = "<group>";
		};
/* End PBXVariantGroup section */

/* Begin XCBuildConfiguration section */
		9DA9CE2328E88F1200CEF137 /* Debug */ = {
			isa = XCBuildConfiguration;
			buildSettings = {
				ALWAYS_SEARCH_USER_PATHS = NO;
				CLANG_ANALYZER_NONNULL = YES;
				CLANG_ANALYZER_NUMBER_OBJECT_CONVERSION = YES_AGGRESSIVE;
				CLANG_CXX_LANGUAGE_STANDARD = "gnu++17";
				CLANG_CXX_LIBRARY = "libc++";
				CLANG_ENABLE_MODULES = YES;
				CLANG_ENABLE_OBJC_ARC = YES;
				CLANG_ENABLE_OBJC_WEAK = YES;
				CLANG_WARN_BLOCK_CAPTURE_AUTORELEASING = YES;
				CLANG_WARN_BOOL_CONVERSION = YES;
				CLANG_WARN_COMMA = YES;
				CLANG_WARN_CONSTANT_CONVERSION = YES;
				CLANG_WARN_DEPRECATED_OBJC_IMPLEMENTATIONS = YES;
				CLANG_WARN_DIRECT_OBJC_ISA_USAGE = YES_ERROR;
				CLANG_WARN_DOCUMENTATION_COMMENTS = YES;
				CLANG_WARN_EMPTY_BODY = YES;
				CLANG_WARN_ENUM_CONVERSION = YES;
				CLANG_WARN_INFINITE_RECURSION = YES;
				CLANG_WARN_INT_CONVERSION = YES;
				CLANG_WARN_NON_LITERAL_NULL_CONVERSION = YES;
				CLANG_WARN_OBJC_IMPLICIT_RETAIN_SELF = YES;
				CLANG_WARN_OBJC_LITERAL_CONVERSION = YES;
				CLANG_WARN_OBJC_ROOT_CLASS = YES_ERROR;
				CLANG_WARN_QUOTED_INCLUDE_IN_FRAMEWORK_HEADER = YES;
				CLANG_WARN_RANGE_LOOP_ANALYSIS = YES;
				CLANG_WARN_STRICT_PROTOTYPES = YES;
				CLANG_WARN_SUSPICIOUS_MOVE = YES;
				CLANG_WARN_UNGUARDED_AVAILABILITY = YES_AGGRESSIVE;
				CLANG_WARN_UNREACHABLE_CODE = YES;
				CLANG_WARN__DUPLICATE_METHOD_MATCH = YES;
				COPY_PHASE_STRIP = NO;
				DEBUG_INFORMATION_FORMAT = dwarf;
				ENABLE_STRICT_OBJC_MSGSEND = YES;
				ENABLE_TESTABILITY = YES;
				GCC_C_LANGUAGE_STANDARD = gnu11;
				GCC_DYNAMIC_NO_PIC = NO;
				GCC_NO_COMMON_BLOCKS = YES;
				GCC_OPTIMIZATION_LEVEL = 0;
				GCC_PREPROCESSOR_DEFINITIONS = (
					"DEBUG=1",
					"$(inherited)",
				);
				GCC_WARN_64_TO_32_BIT_CONVERSION = YES;
				GCC_WARN_ABOUT_RETURN_TYPE = YES_ERROR;
				GCC_WARN_UNDECLARED_SELECTOR = YES;
				GCC_WARN_UNINITIALIZED_AUTOS = YES_AGGRESSIVE;
				GCC_WARN_UNUSED_FUNCTION = YES;
				GCC_WARN_UNUSED_VARIABLE = YES;
				IPHONEOS_DEPLOYMENT_TARGET = 15.2;
				MTL_ENABLE_DEBUG_INFO = INCLUDE_SOURCE;
				MTL_FAST_MATH = YES;
				ONLY_ACTIVE_ARCH = YES;
				SDKROOT = iphoneos;
				SWIFT_ACTIVE_COMPILATION_CONDITIONS = DEBUG;
				SWIFT_OPTIMIZATION_LEVEL = "-Onone";
			};
			name = Debug;
		};
		9DA9CE2428E88F1200CEF137 /* Release */ = {
			isa = XCBuildConfiguration;
			buildSettings = {
				ALWAYS_SEARCH_USER_PATHS = NO;
				CLANG_ANALYZER_NONNULL = YES;
				CLANG_ANALYZER_NUMBER_OBJECT_CONVERSION = YES_AGGRESSIVE;
				CLANG_CXX_LANGUAGE_STANDARD = "gnu++17";
				CLANG_CXX_LIBRARY = "libc++";
				CLANG_ENABLE_MODULES = YES;
				CLANG_ENABLE_OBJC_ARC = YES;
				CLANG_ENABLE_OBJC_WEAK = YES;
				CLANG_WARN_BLOCK_CAPTURE_AUTORELEASING = YES;
				CLANG_WARN_BOOL_CONVERSION = YES;
				CLANG_WARN_COMMA = YES;
				CLANG_WARN_CONSTANT_CONVERSION = YES;
				CLANG_WARN_DEPRECATED_OBJC_IMPLEMENTATIONS = YES;
				CLANG_WARN_DIRECT_OBJC_ISA_USAGE = YES_ERROR;
				CLANG_WARN_DOCUMENTATION_COMMENTS = YES;
				CLANG_WARN_EMPTY_BODY = YES;
				CLANG_WARN_ENUM_CONVERSION = YES;
				CLANG_WARN_INFINITE_RECURSION = YES;
				CLANG_WARN_INT_CONVERSION = YES;
				CLANG_WARN_NON_LITERAL_NULL_CONVERSION = YES;
				CLANG_WARN_OBJC_IMPLICIT_RETAIN_SELF = YES;
				CLANG_WARN_OBJC_LITERAL_CONVERSION = YES;
				CLANG_WARN_OBJC_ROOT_CLASS = YES_ERROR;
				CLANG_WARN_QUOTED_INCLUDE_IN_FRAMEWORK_HEADER = YES;
				CLANG_WARN_RANGE_LOOP_ANALYSIS = YES;
				CLANG_WARN_STRICT_PROTOTYPES = YES;
				CLANG_WARN_SUSPICIOUS_MOVE = YES;
				CLANG_WARN_UNGUARDED_AVAILABILITY = YES_AGGRESSIVE;
				CLANG_WARN_UNREACHABLE_CODE = YES;
				CLANG_WARN__DUPLICATE_METHOD_MATCH = YES;
				COPY_PHASE_STRIP = NO;
				DEBUG_INFORMATION_FORMAT = "dwarf-with-dsym";
				ENABLE_NS_ASSERTIONS = NO;
				ENABLE_STRICT_OBJC_MSGSEND = YES;
				GCC_C_LANGUAGE_STANDARD = gnu11;
				GCC_NO_COMMON_BLOCKS = YES;
				GCC_WARN_64_TO_32_BIT_CONVERSION = YES;
				GCC_WARN_ABOUT_RETURN_TYPE = YES_ERROR;
				GCC_WARN_UNDECLARED_SELECTOR = YES;
				GCC_WARN_UNINITIALIZED_AUTOS = YES_AGGRESSIVE;
				GCC_WARN_UNUSED_FUNCTION = YES;
				GCC_WARN_UNUSED_VARIABLE = YES;
				IPHONEOS_DEPLOYMENT_TARGET = 15.2;
				MTL_ENABLE_DEBUG_INFO = NO;
				MTL_FAST_MATH = YES;
				SDKROOT = iphoneos;
				SWIFT_COMPILATION_MODE = wholemodule;
				SWIFT_OPTIMIZATION_LEVEL = "-O";
				VALIDATE_PRODUCT = YES;
			};
			name = Release;
		};
		9DA9CE2628E88F1200CEF137 /* Debug */ = {
			isa = XCBuildConfiguration;
			baseConfigurationReference = B59B09601016F8826BBA5E93 /* Pods-ChatApp.debug.xcconfig */;
			buildSettings = {
				ASSETCATALOG_COMPILER_APPICON_NAME = AppIcon;
				ASSETCATALOG_COMPILER_GLOBAL_ACCENT_COLOR_NAME = AccentColor;
				CODE_SIGN_STYLE = Automatic;
				CURRENT_PROJECT_VERSION = 1;
				DEVELOPMENT_TEAM = R6M3ZFF262;
				GENERATE_INFOPLIST_FILE = YES;
				INFOPLIST_FILE = ChatApp/Info.plist;
				INFOPLIST_KEY_UIApplicationSupportsIndirectInputEvents = YES;
				INFOPLIST_KEY_UILaunchStoryboardName = LaunchScreen;
				INFOPLIST_KEY_UIMainStoryboardFile = Main;
				INFOPLIST_KEY_UISupportedInterfaceOrientations_iPad = "UIInterfaceOrientationPortrait UIInterfaceOrientationPortraitUpsideDown UIInterfaceOrientationLandscapeLeft UIInterfaceOrientationLandscapeRight";
				INFOPLIST_KEY_UISupportedInterfaceOrientations_iPhone = "UIInterfaceOrientationPortrait UIInterfaceOrientationLandscapeLeft UIInterfaceOrientationLandscapeRight";
				LD_RUNPATH_SEARCH_PATHS = (
					"$(inherited)",
					"@executable_path/Frameworks",
				);
				MARKETING_VERSION = 1.0;
				PRODUCT_BUNDLE_IDENTIFIER = d.ChatApp;
				PRODUCT_NAME = "$(TARGET_NAME)";
				SWIFT_EMIT_LOC_STRINGS = YES;
				SWIFT_VERSION = 5.0;
				TARGETED_DEVICE_FAMILY = "1,2";
			};
			name = Debug;
		};
		9DA9CE2728E88F1200CEF137 /* Release */ = {
			isa = XCBuildConfiguration;
			baseConfigurationReference = 3FF697121D8237602A8633E3 /* Pods-ChatApp.release.xcconfig */;
			buildSettings = {
				ASSETCATALOG_COMPILER_APPICON_NAME = AppIcon;
				ASSETCATALOG_COMPILER_GLOBAL_ACCENT_COLOR_NAME = AccentColor;
				CODE_SIGN_STYLE = Automatic;
				CURRENT_PROJECT_VERSION = 1;
				DEVELOPMENT_TEAM = R6M3ZFF262;
				GENERATE_INFOPLIST_FILE = YES;
				INFOPLIST_FILE = ChatApp/Info.plist;
				INFOPLIST_KEY_UIApplicationSupportsIndirectInputEvents = YES;
				INFOPLIST_KEY_UILaunchStoryboardName = LaunchScreen;
				INFOPLIST_KEY_UIMainStoryboardFile = Main;
				INFOPLIST_KEY_UISupportedInterfaceOrientations_iPad = "UIInterfaceOrientationPortrait UIInterfaceOrientationPortraitUpsideDown UIInterfaceOrientationLandscapeLeft UIInterfaceOrientationLandscapeRight";
				INFOPLIST_KEY_UISupportedInterfaceOrientations_iPhone = "UIInterfaceOrientationPortrait UIInterfaceOrientationLandscapeLeft UIInterfaceOrientationLandscapeRight";
				LD_RUNPATH_SEARCH_PATHS = (
					"$(inherited)",
					"@executable_path/Frameworks",
				);
				MARKETING_VERSION = 1.0;
				PRODUCT_BUNDLE_IDENTIFIER = d.ChatApp;
				PRODUCT_NAME = "$(TARGET_NAME)";
				SWIFT_EMIT_LOC_STRINGS = YES;
				SWIFT_VERSION = 5.0;
				TARGETED_DEVICE_FAMILY = "1,2";
			};
			name = Release;
		};
/* End XCBuildConfiguration section */

/* Begin XCConfigurationList section */
		9DA9CE0C28E88F0A00CEF137 /* Build configuration list for PBXProject "ChatApp" */ = {
			isa = XCConfigurationList;
			buildConfigurations = (
				9DA9CE2328E88F1200CEF137 /* Debug */,
				9DA9CE2428E88F1200CEF137 /* Release */,
			);
			defaultConfigurationIsVisible = 0;
			defaultConfigurationName = Release;
		};
		9DA9CE2528E88F1200CEF137 /* Build configuration list for PBXNativeTarget "ChatApp" */ = {
			isa = XCConfigurationList;
			buildConfigurations = (
				9DA9CE2628E88F1200CEF137 /* Debug */,
				9DA9CE2728E88F1200CEF137 /* Release */,
			);
			defaultConfigurationIsVisible = 0;
			defaultConfigurationName = Release;
		};
/* End XCConfigurationList section */
	};
	rootObject = 9DA9CE0928E88F0A00CEF137 /* Project object */;
}
